
Microsoft Visual Studio Solution File, Format Version 12.00
# Visual Studio Version 17
VisualStudioVersion = 17.5.002.0
MinimumVisualStudioVersion = 10.0.40219.1
Project("{9A19103F-16F7-4668-BE54-9A1E7A4F7556}") = "tl1-tp7-2024-JavierRodriguez3", "tl1-tp7-2024-JavierRodriguez3.csproj", "{736DF452-A7E9-4F70-9CA0-A56868EB05C2}"
EndProject
Global
	GlobalSection(SolutionConfigurationPlatforms) = preSolution
		Debug|Any CPU = Debug|Any CPU
		Release|Any CPU = Release|Any CPU
	EndGlobalSection
	GlobalSection(ProjectConfigurationPlatforms) = postSolution
		{736DF452-A7E9-4F70-9CA0-A56868EB05C2}.Debug|Any CPU.ActiveCfg = Debug|Any CPU
		{736DF452-A7E9-4F70-9CA0-A56868EB05C2}.Debug|Any CPU.Build.0 = Debug|Any CPU
		{736DF452-A7E9-4F70-9CA0-A56868EB05C2}.Release|Any CPU.ActiveCfg = Release|Any CPU
		{736DF452-A7E9-4F70-9CA0-A56868EB05C2}.Release|Any CPU.Build.0 = Release|Any CPU
	EndGlobalSection
	GlobalSection(SolutionProperties) = preSolution
		HideSolutionNode = FALSE
	EndGlobalSection
	GlobalSection(ExtensibilityGlobals) = postSolution
		SolutionGuid = {3F3E72A0-96E2-489A-A7FB-45E68A09ADAE}
	EndGlobalSection
EndGlobal
